{
  "name": "mean-application2",
  "version": "1.0.0",
  "lockfileVersion": 1,
  "requires": true,
  "dependencies": {
    "accepts": {
      "version": "1.3.5",
      "resolved": "http://192.168.249.152:8080/a/accepts/_attachments/accepts-1.3.5.tgz",
      "integrity": "sha1-63d99gEXI6OxTopywIBcjoZ0a9I=",
      "requires": {
        "mime-types": "~2.1.18",
        "negotiator": "0.6.1"
      }
    },
    "any-promise": {
      "version": "1.3.0",
      "resolved": "http://192.168.249.152:8080/a/any-promise/_attachments/any-promise-1.3.0.tgz",
      "integrity": "sha1-q8av7tzqUugJzcA3au0845Y10X8="
    },
    "array-flatten": {
      "version": "1.1.1",
      "resolved": "http://192.168.249.152:8080/a/array-flatten/_attachments/array-flatten-1.1.1.tgz",
      "integrity": "sha1-ml9pkFGx5wczKPKgCJaLZOopVdI="
    },
    "base64-url": {
      "version": "1.3.3",
      "resolved": "http://192.168.249.152:8080/b/base64-url/_attachments/base64-url-1.3.3.tgz",
      "integrity": "sha1-+LbFN/CaT8WMmcuG4LDpxhRhog8="
    },
    "basic-auth": {
      "version": "1.0.0",
      "resolved": "http://192.168.249.152:8080/b/basic-auth/_attachments/basic-auth-1.0.0.tgz",
      "integrity": "sha1-ERstn/jk5tE2uMhOpeCWy4c1Fjc="
    },
    "bluebird": {
      "version": "2.10.2",
      "resolved": "http://192.168.249.152:8080/b/bluebird/_attachments/bluebird-2.10.2.tgz",
      "integrity": "sha1-AkpVFylTCIV/FPkfEQb8O1VfRGs="
    },
    "body-parser": {
      "version": "1.8.4",
      "resolved": "http://192.168.249.152:8080/b/body-parser/_attachments/body-parser-1.8.4.tgz",
      "integrity": "sha1-1JfgS8E7P5qL2McLsM3Bby4CiJg=",
      "requires": {
        "bytes": "1.0.0",
        "depd": "0.4.5",
        "iconv-lite": "0.4.4",
        "media-typer": "0.3.0",
        "on-finished": "2.1.0",
        "qs": "2.2.4",
        "raw-body": "1.3.0",
        "type-is": "~1.5.1"
      },
      "dependencies": {
        "depd": {
          "version": "0.4.5",
          "resolved": "http://192.168.249.152:8080/d/depd/_attachments/depd-0.4.5.tgz",
          "integrity": "sha1-GmZLUziLSmVz6K5ntfdnxpPKl/E="
        },
        "ee-first": {
          "version": "1.0.5",
          "resolved": "http://192.168.249.152:8080/e/ee-first/_attachments/ee-first-1.0.5.tgz",
          "integrity": "sha1-jJshKJjYzZ8alDZlDOe+ICyen/A="
        },
        "mime-db": {
          "version": "1.12.0",
          "resolved": "http://192.168.249.152:8080/m/mime-db/_attachments/mime-db-1.12.0.tgz",
          "integrity": "sha1-PQxjGA9FjrENMlqqN9fFiuMS6dc="
        },
        "mime-types": {
          "version": "2.0.14",
          "resolved": "http://192.168.249.152:8080/m/mime-types/_attachments/mime-types-2.0.14.tgz",
          "integrity": "sha1-MQ4VnbI+B3+Lsit0jav6SVcUCqY=",
          "requires": {
            "mime-db": "~1.12.0"
          }
        },
        "on-finished": {
          "version": "2.1.0",
          "resolved": "http://192.168.249.152:8080/o/on-finished/_attachments/on-finished-2.1.0.tgz",
          "integrity": "sha1-DFOfCSkej/rd4MiiWFD7LO3HAi0=",
          "requires": {
            "ee-first": "1.0.5"
          }
        },
        "qs": {
          "version": "2.2.4",
          "resolved": "http://192.168.249.152:8080/q/qs/_attachments/qs-2.2.4.tgz",
          "integrity": "sha1-Lp+800tUDjQhySTs0B6QqpdTGcg="
        },
        "type-is": {
          "version": "1.5.7",
          "resolved": "http://192.168.249.152:8080/t/type-is/_attachments/type-is-1.5.7.tgz",
          "integrity": "sha1-uTaKWTzG730GReeLL0xky+zQXpA=",
          "requires": {
            "media-typer": "0.3.0",
            "mime-types": "~2.0.9"
          }
        }
      }
    },
    "bson": {
      "version": "0.2.22",
      "resolved": "http://192.168.249.152:8080/b/bson/_attachments/bson-0.2.22.tgz",
      "integrity": "sha1-/NoQPybQwHTVpS1Qkn24D9ArSzk=",
      "requires": {
        "nan": "~1.8"
      }
    },
    "buffer-crc32": {
      "version": "0.2.3",
      "resolved": "http://192.168.249.152:8080/b/buffer-crc32/_attachments/buffer-crc32-0.2.3.tgz",
      "integrity": "sha1-u1RRnpXRB8vSQA520MqxRnM22SE="
    },
    "bytes": {
      "version": "1.0.0",
      "resolved": "http://192.168.249.152:8080/b/bytes/_attachments/bytes-1.0.0.tgz",
      "integrity": "sha1-NWnt6Lo0MV+rmcPpLLBMciDeH6g="
    },
    "compressible": {
      "version": "1.1.1",
      "resolved": "http://192.168.249.152:8080/c/compressible/_attachments/compressible-1.1.1.tgz",
      "integrity": "sha1-I7ceqQ6mxqZiiXAakYGCwk0HKe8="
    },
    "compression": {
      "version": "1.0.11",
      "resolved": "http://192.168.249.152:8080/c/compression/_attachments/compression-1.0.11.tgz",
      "integrity": "sha1-aXAM8e6JY0VDVqwZKm5ekeIyv/s=",
      "requires": {
        "accepts": "~1.0.7",
        "bytes": "1.0.0",
        "compressible": "~1.1.1",
        "debug": "1.0.4",
        "on-headers": "~1.0.0",
        "vary": "~1.0.0"
      },
      "dependencies": {
        "accepts": {
          "version": "1.0.7",
          "resolved": "http://192.168.249.152:8080/a/accepts/_attachments/accepts-1.0.7.tgz",
          "integrity": "sha1-W1AftPBwQwmWTM2wSBclQSCNqxo=",
          "requires": {
            "mime-types": "~1.0.0",
            "negotiator": "0.4.7"
          }
        },
        "debug": {
          "version": "1.0.4",
          "resolved": "http://192.168.249.152:8080/d/debug/_attachments/debug-1.0.4.tgz",
          "integrity": "sha1-W5wla9VLbsAigxdvqKDt5tFUy/g=",
          "requires": {
            "ms": "0.6.2"
          }
        },
        "mime-types": {
          "version": "1.0.2",
          "resolved": "http://192.168.249.152:8080/m/mime-types/_attachments/mime-types-1.0.2.tgz",
          "integrity": "sha1-mVrhOSq4r/y/yyZB3QVOlDwNXc4="
        },
        "ms": {
          "version": "0.6.2",
          "resolved": "http://192.168.249.152:8080/m/ms/_attachments/ms-0.6.2.tgz",
          "integrity": "sha1-2JwhJMb9wTU9Zai3e/GqxLGTcIw="
        },
        "negotiator": {
          "version": "0.4.7",
          "resolved": "http://192.168.249.152:8080/n/negotiator/_attachments/negotiator-0.4.7.tgz",
          "integrity": "sha1-pBYPcXfsgGc4Yx0NMFIyXaQqvcg="
        },
        "vary": {
          "version": "1.0.1",
          "resolved": "http://192.168.249.152:8080/v/vary/_attachments/vary-1.0.1.tgz",
          "integrity": "sha1-meSYFWaihhGN+yuBc1ffeZM3bRA="
        }
      }
    },
    "content-disposition": {
      "version": "0.5.2",
      "resolved": "http://192.168.249.152:8080/c/content-disposition/_attachments/content-disposition-0.5.2.tgz",
      "integrity": "sha1-DPaLud318r55YcOoUXjLhdunjLQ="
    },
    "content-type": {
      "version": "1.0.4",
      "resolved": "http://192.168.249.152:8080/c/content-type/_attachments/content-type-1.0.4.tgz",
      "integrity": "sha512-hIP3EEPs8tB9AT1L+NUqtwOAps4mk2Zob89MWXMHjHWg9milF/j4osnnQLXBCBFBk/tvIG/tUc9mOUJiPBhPXA=="
    },
    "cookie": {
      "version": "0.3.1",
      "resolved": "http://192.168.249.152:8080/c/cookie/_attachments/cookie-0.3.1.tgz",
      "integrity": "sha1-5+Ch+e9DtMi6klxcWpboBtFoc7s="
    },
    "cookie-signature": {
      "version": "1.0.6",
      "resolved": "http://192.168.249.152:8080/c/cookie-signature/_attachments/cookie-signature-1.0.6.tgz",
      "integrity": "sha1-4wOogrNCzD7oylE6eZmXNNqzriw="
    },
    "core-util-is": {
      "version": "1.0.2",
      "resolved": "http://192.168.249.152:8080/c/core-util-is/_attachments/core-util-is-1.0.2.tgz",
      "integrity": "sha1-tf1UIgqivFq1eqtxQMlAdUUDwac=",
      "optional": true
    },
    "debug": {
      "version": "2.6.9",
      "resolved": "http://192.168.249.152:8080/d/debug/_attachments/debug-2.6.9.tgz",
      "integrity": "sha512-bC7ElrdJaJnPbAP+1EotYvqZsb3ecl5wi6Bfi6BJTUcNowp6cvspg0jXznRTKDjm/E7AdgFBVeAPVMNcKGsHMA==",
      "requires": {
        "ms": "2.0.0"
      }
    },
    "depd": {
      "version": "1.1.2",
      "resolved": "http://192.168.249.152:8080/d/depd/_attachments/depd-1.1.2.tgz",
      "integrity": "sha1-m81S4UwJd2PnSbJ0xDRu0uVgtak="
    },
    "destroy": {
      "version": "1.0.4",
      "resolved": "http://192.168.249.152:8080/d/destroy/_attachments/destroy-1.0.4.tgz",
      "integrity": "sha1-l4hXRCxEdJ5CBmE+N5RiBYJqvYA="
    },
    "ee-first": {
      "version": "1.1.1",
      "resolved": "http://192.168.249.152:8080/e/ee-first/_attachments/ee-first-1.1.1.tgz",
      "integrity": "sha1-WQxhFWsK4vTwJVcyoViyZrxWsh0="
    },
    "ejs": {
      "version": "1.0.0",
      "resolved": "http://192.168.249.152:8080/e/ejs/_attachments/ejs-1.0.0.tgz",
      "integrity": "sha1-ycYKSKRu5FL7MqccMXuV5aofyz0="
    },
    "encodeurl": {
      "version": "1.0.2",
      "resolved": "http://192.168.249.152:8080/e/encodeurl/_attachments/encodeurl-1.0.2.tgz",
      "integrity": "sha1-rT/0yG7C0CkyL1oCw6mmBslbP1k="
    },
    "escape-html": {
      "version": "1.0.3",
      "resolved": "http://192.168.249.152:8080/e/escape-html/_attachments/escape-html-1.0.3.tgz",
      "integrity": "sha1-Aljq5NPQwJdN4cFpGI7wBR0dGYg="
    },
    "etag": {
      "version": "1.8.1",
      "resolved": "http://192.168.249.152:8080/e/etag/_attachments/etag-1.8.1.tgz",
      "integrity": "sha1-Qa4u62XvpiJorr/qg6x9eSmbCIc="
    },
    "express": {
      "version": "4.16.3",
      "resolved": "http://192.168.249.152:8080/e/express/_attachments/express-4.16.3.tgz",
      "integrity": "sha1-avilAjUNsyRuzEvs9rWjTSL37VM=",
      "requires": {
        "accepts": "~1.3.5",
        "array-flatten": "1.1.1",
        "body-parser": "1.18.2",
        "content-disposition": "0.5.2",
        "content-type": "~1.0.4",
        "cookie": "0.3.1",
        "cookie-signature": "1.0.6",
        "debug": "2.6.9",
        "depd": "~1.1.2",
        "encodeurl": "~1.0.2",
        "escape-html": "~1.0.3",
        "etag": "~1.8.1",
        "finalhandler": "1.1.1",
        "fresh": "0.5.2",
        "merge-descriptors": "1.0.1",
        "methods": "~1.1.2",
        "on-finished": "~2.3.0",
        "parseurl": "~1.3.2",
        "path-to-regexp": "0.1.7",
        "proxy-addr": "~2.0.3",
        "qs": "6.5.1",
        "range-parser": "~1.2.0",
        "safe-buffer": "5.1.1",
        "send": "0.16.2",
        "serve-static": "1.13.2",
        "setprototypeof": "1.1.0",
        "statuses": "~1.4.0",
        "type-is": "~1.6.16",
        "utils-merge": "1.0.1",
        "vary": "~1.1.2"
      },
      "dependencies": {
        "body-parser": {
          "version": "1.18.2",
          "resolved": "http://192.168.249.152:8080/b/body-parser/_attachments/body-parser-1.18.2.tgz",
          "integrity": "sha1-h2eKGdhLR9hZuDGZvVm84iKxBFQ=",
          "requires": {
            "bytes": "3.0.0",
            "content-type": "~1.0.4",
            "debug": "2.6.9",
            "depd": "~1.1.1",
            "http-errors": "~1.6.2",
            "iconv-lite": "0.4.19",
            "on-finished": "~2.3.0",
            "qs": "6.5.1",
            "raw-body": "2.3.2",
            "type-is": "~1.6.15"
          }
        },
        "bytes": {
          "version": "3.0.0",
          "resolved": "http://192.168.249.152:8080/b/bytes/_attachments/bytes-3.0.0.tgz",
          "integrity": "sha1-0ygVQE1olpn4Wk6k+odV3ROpYEg="
        },
        "iconv-lite": {
          "version": "0.4.19",
          "resolved": "http://192.168.249.152:8080/i/iconv-lite/_attachments/iconv-lite-0.4.19.tgz",
          "integrity": "sha512-oTZqweIP51xaGPI4uPa56/Pri/480R+mo7SeU+YETByQNhDG55ycFyNLIgta9vXhILrxXDmF7ZGhqZIcuN0gJQ=="
        },
        "raw-body": {
          "version": "2.3.2",
          "resolved": "http://192.168.249.152:8080/r/raw-body/_attachments/raw-body-2.3.2.tgz",
          "integrity": "sha1-vNYMd9Prk83gBQKVw/N5OJvIj4k=",
          "requires": {
            "bytes": "3.0.0",
            "http-errors": "1.6.2",
            "iconv-lite": "0.4.19",
            "unpipe": "1.0.0"
          },
          "dependencies": {
            "depd": {
              "version": "1.1.1",
              "resolved": "http://192.168.249.152:8080/d/depd/_attachments/depd-1.1.1.tgz",
              "integrity": "sha1-V4O04cRZ8G+lyif5kfPQbnoxA1k="
            },
            "http-errors": {
              "version": "1.6.2",
              "resolved": "http://192.168.249.152:8080/h/http-errors/_attachments/http-errors-1.6.2.tgz",
              "integrity": "sha1-CgAsyFcHGSp+eUbO7cERVfYOxzY=",
              "requires": {
                "depd": "1.1.1",
                "inherits": "2.0.3",
                "setprototypeof": "1.0.3",
                "statuses": ">= 1.3.1 < 2"
              }
            },
            "setprototypeof": {
              "version": "1.0.3",
              "resolved": "http://192.168.249.152:8080/s/setprototypeof/_attachments/setprototypeof-1.0.3.tgz",
              "integrity": "sha1-ZlZ+NwQ+608E2RvWWMDL77VbjgQ="
            }
          }
        }
      }
    },
    "express-session": {
      "version": "1.7.6",
      "resolved": "http://192.168.249.152:8080/e/express-session/_attachments/express-session-1.7.6.tgz",
      "integrity": "sha1-4cNpuiF296/beed9ZdzYx8RuSKU=",
      "requires": {
        "buffer-crc32": "0.2.3",
        "cookie": "0.1.2",
        "cookie-signature": "1.0.4",
        "debug": "1.0.4",
        "depd": "0.4.4",
        "on-headers": "~1.0.0",
        "parseurl": "~1.3.0",
        "uid-safe": "1.0.1",
        "utils-merge": "1.0.0"
      },
      "dependencies": {
        "cookie": {
          "version": "0.1.2",
          "resolved": "http://192.168.249.152:8080/c/cookie/_attachments/cookie-0.1.2.tgz",
          "integrity": "sha1-cv7D0k5Io0Mgc9kMEmQgBQYQBLE="
        },
        "cookie-signature": {
          "version": "1.0.4",
          "resolved": "http://192.168.249.152:8080/c/cookie-signature/_attachments/cookie-signature-1.0.4.tgz",
          "integrity": "sha1-Dt0iKG46ERuaKnDbNj6SXoZ/aso="
        },
        "debug": {
          "version": "1.0.4",
          "resolved": "http://192.168.249.152:8080/d/debug/_attachments/debug-1.0.4.tgz",
          "integrity": "sha1-W5wla9VLbsAigxdvqKDt5tFUy/g=",
          "requires": {
            "ms": "0.6.2"
          }
        },
        "depd": {
          "version": "0.4.4",
          "resolved": "http://192.168.249.152:8080/d/depd/_attachments/depd-0.4.4.tgz",
          "integrity": "sha1-BwkfrnX5eCjYm0oCotR3jw58BmI="
        },
        "ms": {
          "version": "0.6.2",
          "resolved": "http://192.168.249.152:8080/m/ms/_attachments/ms-0.6.2.tgz",
          "integrity": "sha1-2JwhJMb9wTU9Zai3e/GqxLGTcIw="
        },
        "utils-merge": {
          "version": "1.0.0",
          "resolved": "http://192.168.249.152:8080/u/utils-merge/_attachments/utils-merge-1.0.0.tgz",
          "integrity": "sha1-ApT7kiu5N1FTVBxPcJYjHyh8ivg="
        }
      }
    },
    "finalhandler": {
      "version": "1.1.1",
      "resolved": "http://192.168.249.152:8080/f/finalhandler/_attachments/finalhandler-1.1.1.tgz",
      "integrity": "sha512-Y1GUDo39ez4aHAw7MysnUD5JzYX+WaIj8I57kO3aEPT1fFRL4sr7mjei97FgnwhAyyzRYmQZaTHb2+9uZ1dPtg==",
      "requires": {
        "debug": "2.6.9",
        "encodeurl": "~1.0.2",
        "escape-html": "~1.0.3",
        "on-finished": "~2.3.0",
        "parseurl": "~1.3.2",
        "statuses": "~1.4.0",
        "unpipe": "~1.0.0"
      }
    },
    "forwarded": {
      "version": "0.1.2",
      "resolved": "http://192.168.249.152:8080/f/forwarded/_attachments/forwarded-0.1.2.tgz",
      "integrity": "sha1-mMI9qxF1ZXuMBXPozszZGw/xjIQ="
    },
    "fresh": {
      "version": "0.5.2",
      "resolved": "http://192.168.249.152:8080/f/fresh/_attachments/fresh-0.5.2.tgz",
      "integrity": "sha1-PYyt2Q2XZWn6g1qx+OSyOhBWBac="
    },
    "hooks": {
      "version": "0.2.1",
      "resolved": "http://192.168.249.152:8080/h/hooks/_attachments/hooks-0.2.1.tgz",
      "integrity": "sha1-D1kbGzRL3LPfWXc/Yvu6+Fv0Aos="
    },
    "http-errors": {
      "version": "1.6.3",
      "resolved": "http://192.168.249.152:8080/h/http-errors/_attachments/http-errors-1.6.3.tgz",
      "integrity": "sha1-i1VoC7S+KDoLW/TqLjhYC+HZMg0=",
      "requires": {
        "depd": "~1.1.2",
        "inherits": "2.0.3",
        "setprototypeof": "1.1.0",
        "statuses": ">= 1.4.0 < 2"
      }
    },
    "iconv-lite": {
      "version": "0.4.4",
      "resolved": "http://192.168.249.152:8080/i/iconv-lite/_attachments/iconv-lite-0.4.4.tgz",
      "integrity": "sha1-6V8uQdsHNfwhZS94J6XuMuY8g6g="
    },
    "inherits": {
      "version": "2.0.3",
      "resolved": "http://192.168.249.152:8080/i/inherits/_attachments/inherits-2.0.3.tgz",
      "integrity": "sha1-Yzwsg+PaQqUC9SRmAiSA9CCCYd4="
    },
    "ipaddr.js": {
      "version": "1.6.0",
      "resolved": "http://192.168.249.152:8080/i/ipaddr.js/_attachments/ipaddr.js-1.6.0.tgz",
      "integrity": "sha1-4/o1e3c9phnybpXwSdBVxyeW+Gs="
    },
    "isarray": {
      "version": "1.0.0",
      "resolved": "http://192.168.249.152:8080/i/isarray/_attachments/isarray-1.0.0.tgz",
      "integrity": "sha1-u5NdSFgsuhaMBoNJV6VKPgcSTxE=",
      "optional": true
    },
    "kerberos": {
      "version": "0.0.11",
      "resolved": "http://192.168.249.152:8080/k/kerberos/_attachments/kerberos-0.0.11.tgz",
      "integrity": "sha1-yymJHCHCKsGV8xQLl90SIE/qfcI=",
      "optional": true,
      "requires": {
        "nan": "~1.8"
      }
    },
    "media-typer": {
      "version": "0.3.0",
      "resolved": "http://192.168.249.152:8080/m/media-typer/_attachments/media-typer-0.3.0.tgz",
      "integrity": "sha1-hxDXrwqmJvj/+hzgAWhUUmMlV0g="
    },
    "merge-descriptors": {
      "version": "1.0.1",
      "resolved": "http://192.168.249.152:8080/m/merge-descriptors/_attachments/merge-descriptors-1.0.1.tgz",
      "integrity": "sha1-sAqqVW3YtEVoFQ7J0blT8/kMu2E="
    },
    "method-override": {
      "version": "2.2.0",
      "resolved": "http://192.168.249.152:8080/m/method-override/_attachments/method-override-2.2.0.tgz",
      "integrity": "sha1-F36FK2rdO0+RdwM6lEawHngBoMA=",
      "requires": {
        "debug": "~2.0.0",
        "methods": "1.1.0",
        "parseurl": "~1.3.0",
        "vary": "~1.0.0"
      },
      "dependencies": {
        "debug": {
          "version": "2.0.0",
          "resolved": "http://192.168.249.152:8080/d/debug/_attachments/debug-2.0.0.tgz",
          "integrity": "sha1-ib2d9nMrUSVrxnBTQrugLtEhMe8=",
          "requires": {
            "ms": "0.6.2"
          }
        },
        "methods": {
          "version": "1.1.0",
          "resolved": "http://192.168.249.152:8080/m/methods/_attachments/methods-1.1.0.tgz",
          "integrity": "sha1-XcpO4S31L/OwVhRZhqjwHLyGQ28="
        },
        "ms": {
          "version": "0.6.2",
          "resolved": "http://192.168.249.152:8080/m/ms/_attachments/ms-0.6.2.tgz",
          "integrity": "sha1-2JwhJMb9wTU9Zai3e/GqxLGTcIw="
        },
        "vary": {
          "version": "1.0.1",
          "resolved": "http://192.168.249.152:8080/v/vary/_attachments/vary-1.0.1.tgz",
          "integrity": "sha1-meSYFWaihhGN+yuBc1ffeZM3bRA="
        }
      }
    },
    "methods": {
      "version": "1.1.2",
      "resolved": "http://192.168.249.152:8080/m/methods/_attachments/methods-1.1.2.tgz",
      "integrity": "sha1-VSmk1nZUE07cxSZmVoNbD4Ua/O4="
    },
    "mime": {
      "version": "1.4.1",
      "resolved": "http://192.168.249.152:8080/m/mime/_attachments/mime-1.4.1.tgz",
      "integrity": "sha512-KI1+qOZu5DcW6wayYHSzR/tXKCDC5Om4s1z2QJjDULzLcmf3DvzS7oluY4HCTrc+9FiKmWUgeNLg7W3uIQvxtQ=="
    },
    "mime-db": {
      "version": "1.33.0",
      "resolved": "http://192.168.249.152:8080/m/mime-db/_attachments/mime-db-1.33.0.tgz",
      "integrity": "sha512-BHJ/EKruNIqJf/QahvxwQZXKygOQ256myeN/Ew+THcAa5q+PjyTTMMeNQC4DZw5AwfvelsUrA6B67NKMqXDbzQ=="
    },
    "mime-types": {
      "version": "2.1.18",
      "resolved": "http://192.168.249.152:8080/m/mime-types/_attachments/mime-types-2.1.18.tgz",
      "integrity": "sha512-lc/aahn+t4/SWV/qcmumYjymLsWfN3ELhpmVuUFjgsORruuZPVSwAQryq+HHGvO/SI2KVX26bx+En+zhM8g8hQ==",
      "requires": {
        "mime-db": "~1.33.0"
      }
    },
    "mongodb": {
      "version": "1.4.38",
      "resolved": "http://192.168.249.152:8080/m/mongodb/_attachments/mongodb-1.4.38.tgz",
      "integrity": "sha1-jP/WGBAK86RkiplUmL/Py07Yq9I=",
      "requires": {
        "bson": "~0.2",
        "kerberos": "0.0.11",
        "readable-stream": "^2.3.6"
      }
    },
    "mongoose": {
      "version": "3.8.40",
      "resolved": "http://192.168.249.152:8080/m/mongoose/_attachments/mongoose-3.8.40.tgz",
      "integrity": "sha1-Ay9bpVWCSXVZqHwfP0s5WcJkBqc=",
      "requires": {
        "hooks": "0.2.1",
        "mongodb": "1.4.38",
        "mpath": "0.1.1",
        "mpromise": "0.4.3",
        "mquery": "1.10.0",
        "ms": "0.1.0",
        "muri": "1.1.0",
        "regexp-clone": "0.0.1",
        "sliced": "0.0.5"
      },
      "dependencies": {
        "ms": {
          "version": "0.1.0",
          "resolved": "http://192.168.249.152:8080/m/ms/_attachments/ms-0.1.0.tgz",
          "integrity": "sha1-8h+sSQ2vHXZn/RgP6QdzicyUQrI="
        }
      }
    },
    "morgan": {
      "version": "1.3.2",
      "resolved": "http://192.168.249.152:8080/m/morgan/_attachments/morgan-1.3.2.tgz",
      "integrity": "sha1-rEGqFSIe5OXyrIQ4lraRgTmhjv0=",
      "requires": {
        "basic-auth": "1.0.0",
        "depd": "0.4.5",
        "on-finished": "2.1.0"
      },
      "dependencies": {
        "depd": {
          "version": "0.4.5",
          "resolved": "http://192.168.249.152:8080/d/depd/_attachments/depd-0.4.5.tgz",
          "integrity": "sha1-GmZLUziLSmVz6K5ntfdnxpPKl/E="
        },
        "ee-first": {
          "version": "1.0.5",
          "resolved": "http://192.168.249.152:8080/e/ee-first/_attachments/ee-first-1.0.5.tgz",
          "integrity": "sha1-jJshKJjYzZ8alDZlDOe+ICyen/A="
        },
        "on-finished": {
          "version": "2.1.0",
          "resolved": "http://192.168.249.152:8080/o/on-finished/_attachments/on-finished-2.1.0.tgz",
          "integrity": "sha1-DFOfCSkej/rd4MiiWFD7LO3HAi0=",
          "requires": {
            "ee-first": "1.0.5"
          }
        }
      }
    },
    "mpath": {
      "version": "0.1.1",
      "resolved": "http://192.168.249.152:8080/m/mpath/_attachments/mpath-0.1.1.tgz",
      "integrity": "sha1-I9qFK3wjLuCX9HWdKcDunNItXkY="
    },
    "mpromise": {
      "version": "0.4.3",
      "resolved": "http://192.168.249.152:8080/m/mpromise/_attachments/mpromise-0.4.3.tgz",
      "integrity": "sha1-7cR6daKhd7DpOCc121Lb7DgIzDM="
    },
    "mquery": {
      "version": "1.10.0",
      "resolved": "http://192.168.249.152:8080/m/mquery/_attachments/mquery-1.10.0.tgz",
      "integrity": "sha1-hgPwKwtSTResBTmoWZYSTuF7fLM=",
      "requires": {
        "bluebird": "2.10.2",
        "debug": "2.2.0",
        "regexp-clone": "0.0.1",
        "sliced": "0.0.5"
      },
      "dependencies": {
        "debug": {
          "version": "2.2.0",
          "resolved": "http://192.168.249.152:8080/d/debug/_attachments/debug-2.2.0.tgz",
          "integrity": "sha1-+HBX6ZWxofauaklgZkE3vFbwOdo=",
          "requires": {
            "ms": "0.7.1"
          }
        },
        "ms": {
          "version": "0.7.1",
          "resolved": "http://192.168.249.152:8080/m/ms/_attachments/ms-0.7.1.tgz",
          "integrity": "sha1-nNE8A62/8ltl7/3nzoZO6VIBcJg="
        }
      }
    },
    "ms": {
      "version": "2.0.0",
      "resolved": "http://192.168.249.152:8080/m/ms/_attachments/ms-2.0.0.tgz",
      "integrity": "sha1-VgiurfwAvmwpAd9fmGF4jeDVl8g="
    },
    "muri": {
      "version": "1.1.0",
      "resolved": "http://192.168.249.152:8080/m/muri/_attachments/muri-1.1.0.tgz",
      "integrity": "sha1-o6bXTmiogPQzokmnSWnLtmXMCt0="
    },
    "mz": {
      "version": "1.3.0",
      "resolved": "http://192.168.249.152:8080/m/mz/_attachments/mz-1.3.0.tgz",
      "integrity": "sha1-BvCT/dmVagbTfhsegTROJ0eMQvA=",
      "requires": {
        "native-or-bluebird": "1",
        "thenify": "3",
        "thenify-all": "1"
      }
    },
    "nan": {
      "version": "1.8.4",
      "resolved": "http://192.168.249.152:8080/n/nan/_attachments/nan-1.8.4.tgz",
      "integrity": "sha1-PHa1OC6rM+RLdY0oE8qdkuk0LzQ="
    },
    "native-or-bluebird": {
      "version": "1.2.0",
      "resolved": "http://192.168.249.152:8080/n/native-or-bluebird/_attachments/native-or-bluebird-1.2.0.tgz",
      "integrity": "sha1-OcR7/Xgl0fuf+tMiEK4l2q3xAck="
    },
    "negotiator": {
      "version": "0.6.1",
      "resolved": "http://192.168.249.152:8080/n/negotiator/_attachments/negotiator-0.6.1.tgz",
      "integrity": "sha1-KzJxhOiZIQEXeyhWP7XnECrNDKk="
    },
    "on-finished": {
      "version": "2.3.0",
      "resolved": "http://192.168.249.152:8080/o/on-finished/_attachments/on-finished-2.3.0.tgz",
      "integrity": "sha1-IPEzZIGwg811M3mSoWlxqi2QaUc=",
      "requires": {
        "ee-first": "1.1.1"
      }
    },
    "on-headers": {
      "version": "1.0.1",
      "resolved": "http://192.168.249.152:8080/o/on-headers/_attachments/on-headers-1.0.1.tgz",
      "integrity": "sha1-ko9dD0cNSTQmUepnlLCFfBAGk/c="
    },
    "parseurl": {
      "version": "1.3.2",
      "resolved": "http://192.168.249.152:8080/p/parseurl/_attachments/parseurl-1.3.2.tgz",
      "integrity": "sha1-/CidTtiZMRlGDBViUyYs3I3mW/M="
    },
    "path-to-regexp": {
      "version": "0.1.7",
      "resolved": "http://192.168.249.152:8080/p/path-to-regexp/_attachments/path-to-regexp-0.1.7.tgz",
      "integrity": "sha1-32BBeABfUi8V60SQ5yR6G/qmf4w="
    },
    "process-nextick-args": {
      "version": "2.0.0",
      "resolved": "http://192.168.249.152:8080/p/process-nextick-args/_attachments/process-nextick-args-2.0.0.tgz",
      "integrity": "sha512-MtEC1TqN0EU5nephaJ4rAtThHtC86dNN9qCuEhtshvpVBkAW5ZO7BASN9REnF9eoXGcRub+pFuKEpOHE+HbEMw==",
      "optional": true
    },
    "proxy-addr": {
      "version": "2.0.3",
      "resolved": "http://192.168.249.152:8080/p/proxy-addr/_attachments/proxy-addr-2.0.3.tgz",
      "integrity": "sha512-jQTChiCJteusULxjBp8+jftSQE5Obdl3k4cnmLA6WXtK6XFuWRnvVL7aCiBqaLPM8c4ph0S4tKna8XvmIwEnXQ==",
      "requires": {
        "forwarded": "~0.1.2",
        "ipaddr.js": "1.6.0"
      }
    },
    "qs": {
      "version": "6.5.1",
      "resolved": "http://192.168.249.152:8080/q/qs/_attachments/qs-6.5.1.tgz",
      "integrity": "sha512-eRzhrN1WSINYCDCbrz796z37LOe3m5tmW7RQf6oBntukAG1nmovJvhnwHHRMAfeoItc1m2Hk02WER2aQ/iqs+A=="
    },
    "range-parser": {
      "version": "1.2.0",
      "resolved": "http://192.168.249.152:8080/r/range-parser/_attachments/range-parser-1.2.0.tgz",
      "integrity": "sha1-9JvmtIeJTdxA3MlKMi9hEJLgDV4="
    },
    "raw-body": {
      "version": "1.3.0",
      "resolved": "http://192.168.249.152:8080/r/raw-body/_attachments/raw-body-1.3.0.tgz",
      "integrity": "sha1-l4IwoValVI9C7vFN4i0PT2EAg9E=",
      "requires": {
        "bytes": "1",
        "iconv-lite": "0.4.4"
      }
    },
    "readable-stream": {
      "version": "2.3.6",
      "resolved": "http://192.168.249.152:8080/r/readable-stream/_attachments/readable-stream-2.3.6.tgz",
      "integrity": "sha512-tQtKA9WIAhBF3+VLAseyMqZeBjW0AHJoxOtYqSUZNJxauErmLbVm2FW1y+J/YA9dUrAC39ITejlZWhVIwawkKw==",
      "optional": true,
      "requires": {
        "core-util-is": "~1.0.0",
        "inherits": "~2.0.3",
        "isarray": "~1.0.0",
        "process-nextick-args": "~2.0.0",
        "safe-buffer": "~5.1.1",
        "string_decoder": "~1.1.1",
        "util-deprecate": "~1.0.1"
      }
    },
    "regexp-clone": {
      "version": "0.0.1",
      "resolved": "http://192.168.249.152:8080/r/regexp-clone/_attachments/regexp-clone-0.0.1.tgz",
      "integrity": "sha1-p8LgmJH9vzj7sQ03b7cwA+aKxYk="
    },
    "safe-buffer": {
      "version": "5.1.1",
      "resolved": "http://192.168.249.152:8080/s/safe-buffer/_attachments/safe-buffer-5.1.1.tgz",
      "integrity": "sha512-kKvNJn6Mm93gAczWVJg7wH+wGYWNrDHdWvpUmHyEsgCtIwwo3bqPtV4tR5tuPaUhTOo/kvhVwd8XwwOllGYkbg=="
    },
    "send": {
      "version": "0.16.2",
      "resolved": "http://192.168.249.152:8080/s/send/_attachments/send-0.16.2.tgz",
      "integrity": "sha512-E64YFPUssFHEFBvpbbjr44NCLtI1AohxQ8ZSiJjQLskAdKuriYEP6VyGEsRDH8ScozGpkaX1BGvhanqCwkcEZw==",
      "requires": {
        "debug": "2.6.9",
        "depd": "~1.1.2",
        "destroy": "~1.0.4",
        "encodeurl": "~1.0.2",
        "escape-html": "~1.0.3",
        "etag": "~1.8.1",
        "fresh": "0.5.2",
        "http-errors": "~1.6.2",
        "mime": "1.4.1",
        "ms": "2.0.0",
        "on-finished": "~2.3.0",
        "range-parser": "~1.2.0",
        "statuses": "~1.4.0"
      }
    },
    "serve-static": {
      "version": "1.13.2",
      "resolved": "http://192.168.249.152:8080/s/serve-static/_attachments/serve-static-1.13.2.tgz",
      "integrity": "sha512-p/tdJrO4U387R9oMjb1oj7qSMaMfmOyd4j9hOFoxZe2baQszgHcSWjuya/CiT5kgZZKRudHNOA0pYXOl8rQ5nw==",
      "requires": {
        "encodeurl": "~1.0.2",
        "escape-html": "~1.0.3",
        "parseurl": "~1.3.2",
        "send": "0.16.2"
      }
    },
    "setprototypeof": {
      "version": "1.1.0",
      "resolved": "http://192.168.249.152:8080/s/setprototypeof/_attachments/setprototypeof-1.1.0.tgz",
      "integrity": "sha512-BvE/TwpZX4FXExxOxZyRGQQv651MSwmWKZGqvmPcRIjDqWub67kTKuIMx43cZZrS/cBBzwBcNDWoFxt2XEFIpQ=="
    },
    "sliced": {
      "version": "0.0.5",
      "resolved": "http://192.168.249.152:8080/s/sliced/_attachments/sliced-0.0.5.tgz",
      "integrity": "sha1-XtwETKTrb3gW1Qui/GPiXY/kcH8="
    },
    "statuses": {
      "version": "1.4.0",
      "resolved": "http://192.168.249.152:8080/s/statuses/_attachments/statuses-1.4.0.tgz",
      "integrity": "sha512-zhSCtt8v2NDrRlPQpCNtw/heZLtfUDqxBM1udqikb/Hbk52LK4nQSwr10u77iopCW5LsyHpuXS0GnEc48mLeew=="
    },
    "string_decoder": {
      "version": "1.1.1",
      "resolved": "http://192.168.249.152:8080/s/string_decoder/_attachments/string_decoder-1.1.1.tgz",
      "integrity": "sha512-n/ShnvDi6FHbbVfviro+WojiFzv+s8MPMHBczVePfUpDJLwoLT0ht1l4YwBCbi8pJAveEEdnkHyPyTP/mzRfwg==",
      "optional": true,
      "requires": {
        "safe-buffer": "~5.1.0"
      }
    },
    "thenify": {
      "version": "3.3.0",
      "resolved": "http://192.168.249.152:8080/t/thenify/_attachments/thenify-3.3.0.tgz",
      "integrity": "sha1-5p44obq+lpsBCCB5eLn2K4hgSDk=",
      "requires": {
        "any-promise": "^1.0.0"
      }
    },
    "thenify-all": {
      "version": "1.6.0",
      "resolved": "http://192.168.249.152:8080/t/thenify-all/_attachments/thenify-all-1.6.0.tgz",
      "integrity": "sha1-GhkY1ALY/D+Y+/I02wvMjMEOlyY=",
      "requires": {
        "thenify": ">= 3.1.0 < 4"
      }
    },
    "type-is": {
      "version": "1.6.16",
      "resolved": "http://192.168.249.152:8080/t/type-is/_attachments/type-is-1.6.16.tgz",
      "integrity": "sha512-HRkVv/5qY2G6I8iab9cI7v1bOIdhm94dVjQCPFElW9W+3GeDOSHmy2EBYe4VTApuzolPcmgFTN3ftVJRKR2J9Q==",
      "requires": {
        "media-typer": "0.3.0",
        "mime-types": "~2.1.18"
      }
    },
    "uid-safe": {
      "version": "1.0.1",
      "resolved": "http://192.168.249.152:8080/u/uid-safe/_attachments/uid-safe-1.0.1.tgz",
      "integrity": "sha1-W9FIRgouhPVPGT/SA1LIw9feasg=",
      "requires": {
        "base64-url": "1",
        "mz": "1"
      }
    },
    "unpipe": {
      "version": "1.0.0",
      "resolved": "http://192.168.249.152:8080/u/unpipe/_attachments/unpipe-1.0.0.tgz",
      "integrity": "sha1-sr9O6FFKrmFltIF4KdIbLvSZBOw="
    },
    "util-deprecate": {
      "version": "1.0.2",
      "resolved": "http://192.168.249.152:8080/u/util-deprecate/_attachments/util-deprecate-1.0.2.tgz",
      "integrity": "sha1-RQ1Nyfpw3nMnYvvS1KKJgUGaDM8=",
      "optional": true
    },
    "utils-merge": {
      "version": "1.0.1",
      "resolved": "http://192.168.249.152:8080/u/utils-merge/_attachments/utils-merge-1.0.1.tgz",
      "integrity": "sha1-n5VxD1CiZ5R7LMwSR0HBAoQn5xM="
    },
    "vary": {
      "version": "1.1.2",
      "resolved": "http://192.168.249.152:8080/v/vary/_attachments/vary-1.1.2.tgz",
      "integrity": "sha1-IpnwLG3tMNSllhsLn3RSShj2NPw="
    }
  }
}
